
Microsoft Visual Studio Solution File, Format Version 12.00
# Visual Studio Version 16
VisualStudioVersion = 16.0.30011.22
MinimumVisualStudioVersion = 10.0.40219.1
Project("{FAE04EC0-301F-11D3-BF4B-00C04F79EFBC}") = "T Rex Endless Runner MOO ICT", "T Rex Endless Runner MOO ICT\T Rex Endless Runner MOO ICT.csproj", "{BA26A219-4585-442B-8081-6615126E1851}"
EndProject
Global
	GlobalSection(SolutionConfigurationPlatforms) = preSolution
		Debug|Any CPU = Debug|Any CPU
		Release|Any CPU = Release|Any CPU
	EndGlobalSection
	GlobalSection(ProjectConfigurationPlatforms) = postSolution
		{BA26A219-4585-442B-8081-6615126E1851}.Debug|Any CPU.ActiveCfg = Debug|Any CPU
		{BA26A219-4585-442B-8081-6615126E1851}.Debug|Any CPU.Build.0 = Debug|Any CPU
		{BA26A219-4585-442B-8081-6615126E1851}.Release|Any CPU.ActiveCfg = Release|Any CPU
		{BA26A219-4585-442B-8081-6615126E1851}.Release|Any CPU.Build.0 = Release|Any CPU
	EndGlobalSection
	GlobalSection(SolutionProperties) = preSolution
		HideSolutionNode = FALSE
	EndGlobalSection
	GlobalSection(ExtensibilityGlobals) = postSolution
		SolutionGuid = {DEFE5366-2B3E-411E-8062-D32ACE84E599}
	EndGlobalSection
EndGlobal
